# THIS IS AN AUTOGENERATED FILE. DO NOT EDIT THIS FILE DIRECTLY.
# yarn lockfile v1


"@jest/types@^24.8.0":
  version "24.8.0"
  resolved "https://registry.yarnpkg.com/@jest/types/-/types-24.8.0.tgz#f31e25948c58f0abd8c845ae26fcea1491dea7ad"
  dependencies:
    "@types/istanbul-lib-coverage" "^2.0.0"
    "@types/istanbul-reports" "^1.1.1"
    "@types/yargs" "^12.0.9"

"@types/istanbul-lib-coverage@*", "@types/istanbul-lib-coverage@^2.0.0":
  version "2.0.1"
  resolved "https://registry.yarnpkg.com/@types/istanbul-lib-coverage/-/istanbul-lib-coverage-2.0.1.tgz#42995b446db9a48a11a07ec083499a860e9138ff"

"@types/istanbul-lib-report@*":
  version "1.1.1"
  resolved "https://registry.yarnpkg.com/@types/istanbul-lib-report/-/istanbul-lib-report-1.1.1.tgz#e5471e7fa33c61358dd38426189c037a58433b8c"
  dependencies:
    "@types/istanbul-lib-coverage" "*"

"@types/istanbul-reports@^1.1.1":
  version "1.1.1"
  resolved "https://registry.yarnpkg.com/@types/istanbul-reports/-/istanbul-reports-1.1.1.tgz#7a8cbf6a406f36c8add871625b278eaf0b0d255a"
  dependencies:
    "@types/istanbul-lib-coverage" "*"
    "@types/istanbul-lib-report" "*"

"@types/yargs@^12.0.9":
  version "12.0.12"
  resolved "https://registry.yarnpkg.com/@types/yargs/-/yargs-12.0.12.tgz#45dd1d0638e8c8f153e87d296907659296873916"

ansi-regex@^4.0.0:
  version "4.1.0"
  resolved "https://registry.yarnpkg.com/ansi-regex/-/ansi-regex-4.1.0.tgz#8b9f8f08cf1acb843756a839ca8c7e3168c51997"

ansi-styles@^3.2.0, ansi-styles@^3.2.1:
  version "3.2.1"
  resolved "https://registry.yarnpkg.com/ansi-styles/-/ansi-styles-3.2.1.tgz#41fbb20243e50b12be0f04b8dedbf07520ce841d"
  dependencies:
    color-convert "^1.9.0"

chalk@^2.0.1:
  version "2.4.2"
  resolved "https://registry.yarnpkg.com/chalk/-/chalk-2.4.2.tgz#cd42541677a54333cf541a49108c1432b44c9424"
  dependencies:
    ansi-styles "^3.2.1"
    escape-string-regexp "^1.0.5"
    supports-color "^5.3.0"

color-convert@^1.9.0:
  version "1.9.3"
  resolved "https://registry.yarnpkg.com/color-convert/-/color-convert-1.9.3.tgz#bb71850690e1f136567de629d2d5471deda4c1e8"
  dependencies:
    color-name "1.1.3"

color-name@1.1.3:
  version "1.1.3"
  resolved "https://registry.yarnpkg.com/color-name/-/color-name-1.1.3.tgz#a7d0558bd89c42f795dd42328f740831ca53bc25"

detect-newline@^2.1.0:
  version "2.1.0"
  resolved "https://registry.yarnpkg.com/detect-newline/-/detect-newline-2.1.0.tgz#f41f1c10be4b00e87b5f13da680759f2c5bfd3e2"

diff-sequences@^24.3.0:
  version "24.3.0"
  resolved "https://registry.yarnpkg.com/diff-sequences/-/diff-sequences-24.3.0.tgz#0f20e8a1df1abddaf4d9c226680952e64118b975"

escape-string-regexp@^1.0.5:
  version "1.0.5"
  resolved "https://registry.yarnpkg.com/escape-string-regexp/-/escape-string-regexp-1.0.5.tgz#1b61c0562190a8dff6ae3bb2cf0200ca130b86d4"

has-flag@^3.0.0:
  version "3.0.0"
  resolved "https://registry.yarnpkg.com/has-flag/-/has-flag-3.0.0.tgz#b5d454dc2199ae225699f3467e5a07f3b955bafd"

jest-diff@^24.8.0:
  version "24.8.0"
  resolved "https://registry.yarnpkg.com/jest-diff/-/jest-diff-24.8.0.tgz#146435e7d1e3ffdf293d53ff97e193f1d1546172"
  dependencies:
    chalk "^2.0.1"
    diff-sequences "^24.3.0"
    jest-get-type "^24.8.0"
    pretty-format "^24.8.0"

jest-docblock@^24.3.0:
  version "24.3.0"
  resolved "https://registry.yarnpkg.com/jest-docblock/-/jest-docblock-24.3.0.tgz#b9c32dac70f72e4464520d2ba4aec02ab14db5dd"
  dependencies:
    detect-newline "^2.1.0"

jest-get-type@^24.8.0:
  version "24.8.0"
  resolved "https://registry.yarnpkg.com/jest-get-type/-/jest-get-type-24.8.0.tgz#a7440de30b651f5a70ea3ed7ff073a32dfe646fc"

pretty-format@^24.8.0:
  version "24.8.0"
  resolved "https://registry.yarnpkg.com/pretty-format/-/pretty-format-24.8.0.tgz#8dae7044f58db7cb8be245383b565a963e3c27f2"
  dependencies:
    "@jest/types" "^24.8.0"
    ansi-regex "^4.0.0"
    ansi-styles "^3.2.0"
    react-is "^16.8.4"

react-is@^16.8.4:
  version "16.8.6"
  resolved "https://registry.yarnpkg.com/react-is/-/react-is-16.8.6.tgz#5bbc1e2d29141c9fbdfed456343fe2bc430a6a16"

supports-color@^5.3.0:
  version "5.5.0"
  resolved "https://registry.yarnpkg.com/supports-color/-/supports-color-5.5.0.tgz#e2e69a44ac8772f78a1ec0b35b689df6530efc8f"
  dependencies:
    has-flag "^3.0.0"
